
Microsoft Visual Studio Solution File, Format Version 12.00
# Visual Studio Version 16
VisualStudioVersion = 16.0.31911.196
MinimumVisualStudioVersion = 10.0.40219.1
Project("{9A19103F-16F7-4668-BE54-9A1E7A4F7556}") = "Programowanie3ProjektZaliczeniowyRadosławBoczoń", "Programowanie3ProjektZaliczeniowyRadosławBoczoń.csproj", "{8081955B-6FC6-448D-A53D-711570D1A178}"
EndProject
Project("{F14B399A-7131-4C87-9E4B-1186C45EF12D}") = "ZaliczenieProgramowanie3RB", "..\ZaliczenieProgramowanie3RB\ZaliczenieProgramowanie3RB.rptproj", "{878555D1-2E8C-4519-8C39-E0B48D5BF81F}"
	ProjectSection(ProjectDependencies) = postProject
		{8081955B-6FC6-448D-A53D-711570D1A178} = {8081955B-6FC6-448D-A53D-711570D1A178}
	EndProjectSection
EndProject
Global
	GlobalSection(SolutionConfigurationPlatforms) = preSolution
		Debug|Any CPU = Debug|Any CPU
		DebugLocal|Any CPU = DebugLocal|Any CPU
		Release|Any CPU = Release|Any CPU
	EndGlobalSection
	GlobalSection(ProjectConfigurationPlatforms) = postSolution
		{8081955B-6FC6-448D-A53D-711570D1A178}.Debug|Any CPU.ActiveCfg = Debug|Any CPU
		{8081955B-6FC6-448D-A53D-711570D1A178}.Debug|Any CPU.Build.0 = Debug|Any CPU
		{8081955B-6FC6-448D-A53D-711570D1A178}.DebugLocal|Any CPU.ActiveCfg = Debug|Any CPU
		{8081955B-6FC6-448D-A53D-711570D1A178}.DebugLocal|Any CPU.Build.0 = Debug|Any CPU
		{8081955B-6FC6-448D-A53D-711570D1A178}.Release|Any CPU.ActiveCfg = Release|Any CPU
		{8081955B-6FC6-448D-A53D-711570D1A178}.Release|Any CPU.Build.0 = Release|Any CPU
		{878555D1-2E8C-4519-8C39-E0B48D5BF81F}.Debug|Any CPU.ActiveCfg = Debug
		{878555D1-2E8C-4519-8C39-E0B48D5BF81F}.Debug|Any CPU.Build.0 = Debug
		{878555D1-2E8C-4519-8C39-E0B48D5BF81F}.Debug|Any CPU.Deploy.0 = Debug
		{878555D1-2E8C-4519-8C39-E0B48D5BF81F}.DebugLocal|Any CPU.ActiveCfg = DebugLocal
		{878555D1-2E8C-4519-8C39-E0B48D5BF81F}.DebugLocal|Any CPU.Build.0 = DebugLocal
		{878555D1-2E8C-4519-8C39-E0B48D5BF81F}.Release|Any CPU.ActiveCfg = Release
		{878555D1-2E8C-4519-8C39-E0B48D5BF81F}.Release|Any CPU.Build.0 = Release
		{878555D1-2E8C-4519-8C39-E0B48D5BF81F}.Release|Any CPU.Deploy.0 = Release
	EndGlobalSection
	GlobalSection(SolutionProperties) = preSolution
		HideSolutionNode = FALSE
	EndGlobalSection
	GlobalSection(ExtensibilityGlobals) = postSolution
		SolutionGuid = {EB0DEDF5-BC27-4682-A7DD-CBC3FA5A5F30}
	EndGlobalSection
EndGlobal
